{
  "name": "sportident-testbench-shell",
  "version": "2.0.0-alpha.4",
  "lockfileVersion": 1,
  "requires": true,
  "dependencies": {
    "immutable": {
      "version": "4.0.0-rc.12",
      "resolved": "https://registry.npmjs.org/immutable/-/immutable-4.0.0-rc.12.tgz",
      "integrity": "sha512-0M2XxkZLx/mi3t8NVwIm1g8nHoEmM9p9UBl/G9k4+hm0kBgOVdMV/B3CY5dQ8qG8qc80NN4gDV4HQv6FTJ5q7A=="
    },
    "lodash": {
      "version": "4.17.15",
      "resolved": "https://registry.npmjs.org/lodash/-/lodash-4.17.15.tgz",
      "integrity": "sha512-8xOcRHvCjnocdS5cpwXQXVzmmh5e5+saE2QGoeQmbKmRS6J3VQppPOIt0MnmE+4xlZoumy0GPG0D0MVIQbNA1A=="
    },
    "sportident": {
      "version": "2.0.0-alpha.3",
      "resolved": "https://registry.npmjs.org/sportident/-/sportident-2.0.0-alpha.3.tgz",
      "integrity": "sha512-BA+sMIaOozaSjvwdU+D0vwHfzi56u1nGfoOxV5v2GaVXpNhJzhxkp0UN9VB7dRRC+TajrI8miegsRhZglSBWHQ==",
      "requires": {
        "immutable": "^4.0.0-rc.12",
        "lodash": "^4.17.15"
      }
    }
  }
}
