{
  "name": "sportident-webusb",
  "version": "2.0.0-alpha.6",
  "lockfileVersion": 1,
  "requires": true,
  "dependencies": {
    "immutable": {
      "version": "4.0.0-rc.12",
      "resolved": "https://registry.npmjs.org/immutable/-/immutable-4.0.0-rc.12.tgz",
      "integrity": "sha512-0M2XxkZLx/mi3t8NVwIm1g8nHoEmM9p9UBl/G9k4+hm0kBgOVdMV/B3CY5dQ8qG8qc80NN4gDV4HQv6FTJ5q7A==",
      "dev": true
    },
    "lodash": {
      "version": "4.17.21",
      "resolved": "https://registry.npmjs.org/lodash/-/lodash-4.17.21.tgz",
      "integrity": "sha512-v2kDEe57lecTulaDIuNTPy3Ry4gLGJ6Z1O3vE1krgXZNrsQ+LFTGHVxVjcXPs17LhbZVGedAJv8XZ1tvj5FvSg==",
      "dev": true
    },
    "sportident": {
      "version": "2.0.0-alpha.6",
      "resolved": "https://registry.npmjs.org/sportident/-/sportident-2.0.0-alpha.6.tgz",
      "integrity": "sha512-CF9QquGIHJIahayStOMJWcEBcgINetdeNmbElw3T9R8s5Fq3I24hvd5hV3YXnnY19dsjL7FUELqZKJbyaxwXrw==",
      "dev": true,
      "requires": {
        "immutable": "^4.0.0-rc.12",
        "lodash": "^4.17.15"
      }
    }
  }
}
